// !$*UTF8*$!
{
	archiveVersion = 1;
	classes = {
	};
	objectVersion = 46;
	objects = {

/* Begin PBXBuildFile section */
		1638848F1AB2275200832B79 /* AppDelegate.swift in Sources */ = {isa = PBXBuildFile; fileRef = 1638848E1AB2275200832B79 /* AppDelegate.swift */; };
		163884911AB2275200832B79 /* ViewController.swift in Sources */ = {isa = PBXBuildFile; fileRef = 163884901AB2275200832B79 /* ViewController.swift */; };
		163884941AB2275200832B79 /* Main.storyboard in Resources */ = {isa = PBXBuildFile; fileRef = 163884921AB2275200832B79 /* Main.storyboard */; };
		163884961AB2275200832B79 /* Images.xcassets in Resources */ = {isa = PBXBuildFile; fileRef = 163884951AB2275200832B79 /* Images.xcassets */; };
		163884991AB2275200832B79 /* LaunchScreen.xib in Resources */ = {isa = PBXBuildFile; fileRef = 163884971AB2275200832B79 /* LaunchScreen.xib */; };
		163884A51AB2275200832B79 /* HireRocTests.swift in Sources */ = {isa = PBXBuildFile; fileRef = 163884A41AB2275200832B79 /* HireRocTests.swift */; };
/* End PBXBuildFile section */

/* Begin PBXContainerItemProxy section */
		1638849F1AB2275200832B79 /* PBXContainerItemProxy */ = {
			isa = PBXContainerItemProxy;
			containerPortal = 163884811AB2275200832B79 /* Project object */;
			proxyType = 1;
			remoteGlobalIDString = 163884881AB2275200832B79;
			remoteInfo = HireRoc;
		};
/* End PBXContainerItemProxy section */

/* Begin PBXFileReference section */
		163884891AB2275200832B79 /* HireRoc.app */ = {isa = PBXFileReference; explicitFileType = wrapper.application; includeInIndex = 0; path = HireRoc.app; sourceTree = BUILT_PRODUCTS_DIR; };
		1638848D1AB2275200832B79 /* Info.plist */ = {isa = PBXFileReference; lastKnownFileType = text.plist.xml; path = Info.plist; sourceTree = "<group>"; };
		1638848E1AB2275200832B79 /* AppDelegate.swift */ = {isa = PBXFileReference; lastKnownFileType = sourcecode.swift; path = AppDelegate.swift; sourceTree = "<group>"; };
		163884901AB2275200832B79 /* ViewController.swift */ = {isa = PBXFileReference; lastKnownFileType = sourcecode.swift; path = ViewController.swift; sourceTree = "<group>"; };
		163884931AB2275200832B79 /* Base */ = {isa = PBXFileReference; lastKnownFileType = file.storyboard; name = Base; path = Base.lproj/Main.storyboard; sourceTree = "<group>"; };
		163884951AB2275200832B79 /* Images.xcassets */ = {isa = PBXFileReference; lastKnownFileType = folder.assetcatalog; path = Images.xcassets; sourceTree = "<group>"; };
		163884981AB2275200832B79 /* Base */ = {isa = PBXFileReference; lastKnownFileType = file.xib; name = Base; path = Base.lproj/LaunchScreen.xib; sourceTree = "<group>"; };
		1638849E1AB2275200832B79 /* HireRocTests.xctest */ = {isa = PBXFileReference; explicitFileType = wrapper.cfbundle; includeInIndex = 0; path = HireRocTests.xctest; sourceTree = BUILT_PRODUCTS_DIR; };
		163884A31AB2275200832B79 /* Info.plist */ = {isa = PBXFileReference; lastKnownFileType = text.plist.xml; path = Info.plist; sourceTree = "<group>"; };
		163884A41AB2275200832B79 /* HireRocTests.swift */ = {isa = PBXFileReference; lastKnownFileType = sourcecode.swift; path = HireRocTests.swift; sourceTree = "<group>"; };
/* End PBXFileReference section */

/* Begin PBXFrameworksBuildPhase section */
		163884861AB2275200832B79 /* Frameworks */ = {
			isa = PBXFrameworksBuildPhase;
			buildActionMask = 2147483647;
			files = (
			);
			runOnlyForDeploymentPostprocessing = 0;
		};
		1638849B1AB2275200832B79 /* Frameworks */ = {
			isa = PBXFrameworksBuildPhase;
			buildActionMask = 2147483647;
			files = (
			);
			runOnlyForDeploymentPostprocessing = 0;
		};
/* End PBXFrameworksBuildPhase section */

/* Begin PBXGroup section */
		163884801AB2275200832B79 = {
			isa = PBXGroup;
			children = (
				1638848B1AB2275200832B79 /* HireRoc */,
				163884A11AB2275200832B79 /* HireRocTests */,
				1638848A1AB2275200832B79 /* Products */,
			);
			sourceTree = "<group>";
		};
		1638848A1AB2275200832B79 /* Products */ = {
			isa = PBXGroup;
			children = (
				163884891AB2275200832B79 /* HireRoc.app */,
				1638849E1AB2275200832B79 /* HireRocTests.xctest */,
			);
			name = Products;
			sourceTree = "<group>";
		};
		1638848B1AB2275200832B79 /* HireRoc */ = {
			isa = PBXGroup;
			children = (
				1638848E1AB2275200832B79 /* AppDelegate.swift */,
				163884901AB2275200832B79 /* ViewController.swift */,
				163884921AB2275200832B79 /* Main.storyboard */,
				163884951AB2275200832B79 /* Images.xcassets */,
				163884971AB2275200832B79 /* LaunchScreen.xib */,
				1638848C1AB2275200832B79 /* Supporting Files */,
			);
			path = HireRoc;
			sourceTree = "<group>";
		};
		1638848C1AB2275200832B79 /* Supporting Files */ = {
			isa = PBXGroup;
			children = (
				1638848D1AB2275200832B79 /* Info.plist */,
			);
			name = "Supporting Files";
			sourceTree = "<group>";
		};
		163884A11AB2275200832B79 /* HireRocTests */ = {
			isa = PBXGroup;
			children = (
				163884A41AB2275200832B79 /* HireRocTests.swift */,
				163884A21AB2275200832B79 /* Supporting Files */,
			);
			path = HireRocTests;
			sourceTree = "<group>";
		};
		163884A21AB2275200832B79 /* Supporting Files */ = {
			isa = PBXGroup;
			children = (
				163884A31AB2275200832B79 /* Info.plist */,
			);
			name = "Supporting Files";
			sourceTree = "<group>";
		};
/* End PBXGroup section */

/* Begin PBXNativeTarget section */
		163884881AB2275200832B79 /* HireRoc */ = {
			isa = PBXNativeTarget;
			buildConfigurationList = 163884A81AB2275200832B79 /* Build configuration list for PBXNativeTarget "HireRoc" */;
			buildPhases = (
				163884851AB2275200832B79 /* Sources */,
				163884861AB2275200832B79 /* Frameworks */,
				163884871AB2275200832B79 /* Resources */,
			);
			buildRules = (
			);
			dependencies = (
			);
			name = HireRoc;
			productName = HireRoc;
			productReference = 163884891AB2275200832B79 /* HireRoc.app */;
			productType = "com.apple.product-type.application";
		};
		1638849D1AB2275200832B79 /* HireRocTests */ = {
			isa = PBXNativeTarget;
			buildConfigurationList = 163884AB1AB2275200832B79 /* Build configuration list for PBXNativeTarget "HireRocTests" */;
			buildPhases = (
				1638849A1AB2275200832B79 /* Sources */,
				1638849B1AB2275200832B79 /* Frameworks */,
				1638849C1AB2275200832B79 /* Resources */,
			);
			buildRules = (
			);
			dependencies = (
				163884A01AB2275200832B79 /* PBXTargetDependency */,
			);
			name = HireRocTests;
			productName = HireRocTests;
			productReference = 1638849E1AB2275200832B79 /* HireRocTests.xctest */;
			productType = "com.apple.product-type.bundle.unit-test";
		};
/* End PBXNativeTarget section */

/* Begin PBXProject section */
		163884811AB2275200832B79 /* Project object */ = {
			isa = PBXProject;
			attributes = {
				LastUpgradeCheck = 0620;
				ORGANIZATIONNAME = "Phatapps Development, LLC";
				TargetAttributes = {
					163884881AB2275200832B79 = {
						CreatedOnToolsVersion = 6.2;
					};
					1638849D1AB2275200832B79 = {
						CreatedOnToolsVersion = 6.2;
						TestTargetID = 163884881AB2275200832B79;
					};
				};
			};
			buildConfigurationList = 163884841AB2275200832B79 /* Build configuration list for PBXProject "HireRoc" */;
			compatibilityVersion = "Xcode 3.2";
			developmentRegion = English;
			hasScannedForEncodings = 0;
			knownRegions = (
				en,
				Base,
			);
			mainGroup = 163884801AB2275200832B79;
			productRefGroup = 1638848A1AB2275200832B79 /* Products */;
			projectDirPath = "";
			projectRoot = "";
			targets = (
				163884881AB2275200832B79 /* HireRoc */,
				1638849D1AB2275200832B79 /* HireRocTests */,
			);
		};
/* End PBXProject section */

/* Begin PBXResourcesBuildPhase section */
		163884871AB2275200832B79 /* Resources */ = {
			isa = PBXResourcesBuildPhase;
			buildActionMask = 2147483647;
			files = (
				163884941AB2275200832B79 /* Main.storyboard in Resources */,
				163884991AB2275200832B79 /* LaunchScreen.xib in Resources */,
				163884961AB2275200832B79 /* Images.xcassets in Resources */,
			);
			runOnlyForDeploymentPostprocessing = 0;
		};
		1638849C1AB2275200832B79 /* Resources */ = {
			isa = PBXResourcesBuildPhase;
			buildActionMask = 2147483647;
			files = (
			);
			runOnlyForDeploymentPostprocessing = 0;
		};
/* End PBXResourcesBuildPhase section */

/* Begin PBXSourcesBuildPhase section */
		163884851AB2275200832B79 /* Sources */ = {
			isa = PBXSourcesBuildPhase;
			buildActionMask = 2147483647;
			files = (
				163884911AB2275200832B79 /* ViewController.swift in Sources */,
				1638848F1AB2275200832B79 /* AppDelegate.swift in Sources */,
			);
			runOnlyForDeploymentPostprocessing = 0;
		};
		1638849A1AB2275200832B79 /* Sources */ = {
			isa = PBXSourcesBuildPhase;
			buildActionMask = 2147483647;
			files = (
				163884A51AB2275200832B79 /* HireRocTests.swift in Sources */,
			);
			runOnlyForDeploymentPostprocessing = 0;
		};
/* End PBXSourcesBuildPhase section */

/* Begin PBXTargetDependency section */
		163884A01AB2275200832B79 /* PBXTargetDependency */ = {
			isa = PBXTargetDependency;
			target = 163884881AB2275200832B79 /* HireRoc */;
			targetProxy = 1638849F1AB2275200832B79 /* PBXContainerItemProxy */;
		};
/* End PBXTargetDependency section */

/* Begin PBXVariantGroup section */
		163884921AB2275200832B79 /* Main.storyboard */ = {
			isa = PBXVariantGroup;
			children = (
				163884931AB2275200832B79 /* Base */,
			);
			name = Main.storyboard;
			sourceTree = "<group>";
		};
		163884971AB2275200832B79 /* LaunchScreen.xib */ = {
			isa = PBXVariantGroup;
			children = (
				163884981AB2275200832B79 /* Base */,
			);
			name = LaunchScreen.xib;
			sourceTree = "<group>";
		};
/* End PBXVariantGroup section */

/* Begin XCBuildConfiguration section */
		163884A61AB2275200832B79 /* Debug */ = {
			isa = XCBuildConfiguration;
			buildSettings = {
				ALWAYS_SEARCH_USER_PATHS = NO;
				CLANG_CXX_LANGUAGE_STANDARD = "gnu++0x";
				CLANG_CXX_LIBRARY = "libc++";
				CLANG_ENABLE_MODULES = YES;
				CLANG_ENABLE_OBJC_ARC = YES;
				CLANG_WARN_BOOL_CONVERSION = YES;
				CLANG_WARN_CONSTANT_CONVERSION = YES;
				CLANG_WARN_DIRECT_OBJC_ISA_USAGE = YES_ERROR;
				CLANG_WARN_EMPTY_BODY = YES;
				CLANG_WARN_ENUM_CONVERSION = YES;
				CLANG_WARN_INT_CONVERSION = YES;
				CLANG_WARN_OBJC_ROOT_CLASS = YES_ERROR;
				CLANG_WARN_UNREACHABLE_CODE = YES;
				CLANG_WARN__DUPLICATE_METHOD_MATCH = YES;
				"CODE_SIGN_IDENTITY[sdk=iphoneos*]" = "iPhone Developer";
				COPY_PHASE_STRIP = NO;
				ENABLE_STRICT_OBJC_MSGSEND = YES;
				GCC_C_LANGUAGE_STANDARD = gnu99;
				GCC_DYNAMIC_NO_PIC = NO;
				GCC_OPTIMIZATION_LEVEL = 0;
				GCC_PREPROCESSOR_DEFINITIONS = (
					"DEBUG=1",
					"$(inherited)",
				);
				GCC_SYMBOLS_PRIVATE_EXTERN = NO;
				GCC_WARN_64_TO_32_BIT_CONVERSION = YES;
				GCC_WARN_ABOUT_RETURN_TYPE = YES_ERROR;
				GCC_WARN_UNDECLARED_SELECTOR = YES;
				GCC_WARN_UNINITIALIZED_AUTOS = YES_AGGRESSIVE;
				GCC_WARN_UNUSED_FUNCTION = YES;
				GCC_WARN_UNUSED_VARIABLE = YES;
				IPHONEOS_DEPLOYMENT_TARGET = 8.2;
				MTL_ENABLE_DEBUG_INFO = YES;
				ONLY_ACTIVE_ARCH = YES;
				SDKROOT = iphoneos;
				SWIFT_OPTIMIZATION_LEVEL = "-Onone";
				TARGETED_DEVICE_FAMILY = "1,2";
			};
			name = Debug;
		};
		163884A71AB2275200832B79 /* Release */ = {
			isa = XCBuildConfiguration;
			buildSettings = {
				ALWAYS_SEARCH_USER_PATHS = NO;
				CLANG_CXX_LANGUAGE_STANDARD = "gnu++0x";
				CLANG_CXX_LIBRARY = "libc++";
				CLANG_ENABLE_MODULES = YES;
				CLANG_ENABLE_OBJC_ARC = YES;
				CLANG_WARN_BOOL_CONVERSION = YES;
				CLANG_WARN_CONSTANT_CONVERSION = YES;
				CLANG_WARN_DIRECT_OBJC_ISA_USAGE = YES_ERROR;
				CLANG_WARN_EMPTY_BODY = YES;
				CLANG_WARN_ENUM_CONVERSION = YES;
				CLANG_WARN_INT_CONVERSION = YES;
				CLANG_WARN_OBJC_ROOT_CLASS = YES_ERROR;
				CLANG_WARN_UNREACHABLE_CODE = YES;
				CLANG_WARN__DUPLICATE_METHOD_MATCH = YES;
				"CODE_SIGN_IDENTITY[sdk=iphoneos*]" = "iPhone Developer";
				COPY_PHASE_STRIP = NO;
				ENABLE_NS_ASSERTIONS = NO;
				ENABLE_STRICT_OBJC_MSGSEND = YES;
				GCC_C_LANGUAGE_STANDARD = gnu99;
				GCC_WARN_64_TO_32_BIT_CONVERSION = YES;
				GCC_WARN_ABOUT_RETURN_TYPE = YES_ERROR;
				GCC_WARN_UNDECLARED_SELECTOR = YES;
				GCC_WARN_UNINITIALIZED_AUTOS = YES_AGGRESSIVE;
				GCC_WARN_UNUSED_FUNCTION = YES;
				GCC_WARN_UNUSED_VARIABLE = YES;
				IPHONEOS_DEPLOYMENT_TARGET = 8.2;
				MTL_ENABLE_DEBUG_INFO = NO;
				SDKROOT = iphoneos;
				TARGETED_DEVICE_FAMILY = "1,2";
				VALIDATE_PRODUCT = YES;
			};
			name = Release;
		};
		163884A91AB2275200832B79 /* Debug */ = {
			isa = XCBuildConfiguration;
			buildSettings = {
				ASSETCATALOG_COMPILER_APPICON_NAME = AppIcon;
				INFOPLIST_FILE = HireRoc/Info.plist;
				LD_RUNPATH_SEARCH_PATHS = "$(inherited) @executable_path/Frameworks";
				PRODUCT_NAME = "$(TARGET_NAME)";
			};
			name = Debug;
		};
		163884AA1AB2275200832B79 /* Release */ = {
			isa = XCBuildConfiguration;
			buildSettings = {
				ASSETCATALOG_COMPILER_APPICON_NAME = AppIcon;
				INFOPLIST_FILE = HireRoc/Info.plist;
				LD_RUNPATH_SEARCH_PATHS = "$(inherited) @executable_path/Frameworks";
				PRODUCT_NAME = "$(TARGET_NAME)";
			};
			name = Release;
		};
		163884AC1AB2275200832B79 /* Debug */ = {
			isa = XCBuildConfiguration;
			buildSettings = {
				BUNDLE_LOADER = "$(TEST_HOST)";
				FRAMEWORK_SEARCH_PATHS = (
					"$(SDKROOT)/Developer/Library/Frameworks",
					"$(inherited)",
				);
				GCC_PREPROCESSOR_DEFINITIONS = (
					"DEBUG=1",
					"$(inherited)",
				);
				INFOPLIST_FILE = HireRocTests/Info.plist;
				LD_RUNPATH_SEARCH_PATHS = "$(inherited) @executable_path/Frameworks @loader_path/Frameworks";
				PRODUCT_NAME = "$(TARGET_NAME)";
				TEST_HOST = "$(BUILT_PRODUCTS_DIR)/HireRoc.app/HireRoc";
			};
			name = Debug;
		};
		163884AD1AB2275200832B79 /* Release */ = {
			isa = XCBuildConfiguration;
			buildSettings = {
				BUNDLE_LOADER = "$(TEST_HOST)";
				FRAMEWORK_SEARCH_PATHS = (
					"$(SDKROOT)/Developer/Library/Frameworks",
					"$(inherited)",
				);
				INFOPLIST_FILE = HireRocTests/Info.plist;
				LD_RUNPATH_SEARCH_PATHS = "$(inherited) @executable_path/Frameworks @loader_path/Frameworks";
				PRODUCT_NAME = "$(TARGET_NAME)";
				TEST_HOST = "$(BUILT_PRODUCTS_DIR)/HireRoc.app/HireRoc";
			};
			name = Release;
		};
/* End XCBuildConfiguration section */

/* Begin XCConfigurationList section */
		163884841AB2275200832B79 /* Build configuration list for PBXProject "HireRoc" */ = {
			isa = XCConfigurationList;
			buildConfigurations = (
				163884A61AB2275200832B79 /* Debug */,
				163884A71AB2275200832B79 /* Release */,
			);
			defaultConfigurationIsVisible = 0;
			defaultConfigurationName = Release;
		};
		163884A81AB2275200832B79 /* Build configuration list for PBXNativeTarget "HireRoc" */ = {
			isa = XCConfigurationList;
			buildConfigurations = (
				163884A91AB2275200832B79 /* Debug */,
				163884AA1AB2275200832B79 /* Release */,
			);
			defaultConfigurationIsVisible = 0;
		};
		163884AB1AB2275200832B79 /* Build configuration list for PBXNativeTarget "HireRocTests" */ = {
			isa = XCConfigurationList;
			buildConfigurations = (
				163884AC1AB2275200832B79 /* Debug */,
				163884AD1AB2275200832B79 /* Release */,
			);
			defaultConfigurationIsVisible = 0;
		};
/* End XCConfigurationList section */
	};
	rootObject = 163884811AB2275200832B79 /* Project object */;
}
